
Microsoft Visual Studio Solution File, Format Version 12.00
# Visual Studio Version 17
VisualStudioVersion = 17.5.33516.290
MinimumVisualStudioVersion = 10.0.40219.1
Project("{FAE04EC0-301F-11D3-BF4B-00C04F79EFBC}") = "String", "String.csproj", "{EC43E904-D45D-44F6-96C0-C56CA34E641E}"
EndProject
Global
	GlobalSection(SolutionConfigurationPlatforms) = preSolution
		Debug|Any CPU = Debug|Any CPU
		Release|Any CPU = Release|Any CPU
	EndGlobalSection
	GlobalSection(ProjectConfigurationPlatforms) = postSolution
		{EC43E904-D45D-44F6-96C0-C56CA34E641E}.Debug|Any CPU.ActiveCfg = Debug|Any CPU
		{EC43E904-D45D-44F6-96C0-C56CA34E641E}.Debug|Any CPU.Build.0 = Debug|Any CPU
		{EC43E904-D45D-44F6-96C0-C56CA34E641E}.Release|Any CPU.ActiveCfg = Release|Any CPU
		{EC43E904-D45D-44F6-96C0-C56CA34E641E}.Release|Any CPU.Build.0 = Release|Any CPU
	EndGlobalSection
	GlobalSection(SolutionProperties) = preSolution
		HideSolutionNode = FALSE
	EndGlobalSection
	GlobalSection(ExtensibilityGlobals) = postSolution
		SolutionGuid = {B61CFD79-CA9C-416F-B60F-BBE8EE52737C}
	EndGlobalSection
EndGlobal
